// !$*UTF8*$!
{
	archiveVersion = 1;
	classes = {
	};
	objectVersion = 55;
	objects = {

/* Begin PBXBuildFile section */
		E41970922886CA1C00C1913E /* AppDelegate.swift in Sources */ = {isa = PBXBuildFile; fileRef = E41970912886CA1C00C1913E /* AppDelegate.swift */; };
		E41970942886CA1C00C1913E /* SceneDelegate.swift in Sources */ = {isa = PBXBuildFile; fileRef = E41970932886CA1C00C1913E /* SceneDelegate.swift */; };
		E41970992886CA1C00C1913E /* Main.storyboard in Resources */ = {isa = PBXBuildFile; fileRef = E41970972886CA1C00C1913E /* Main.storyboard */; };
		E419709B2886CA1D00C1913E /* Assets.xcassets in Resources */ = {isa = PBXBuildFile; fileRef = E419709A2886CA1D00C1913E /* Assets.xcassets */; };
		E419709E2886CA1D00C1913E /* LaunchScreen.storyboard in Resources */ = {isa = PBXBuildFile; fileRef = E419709C2886CA1D00C1913E /* LaunchScreen.storyboard */; };
		E41970A62886CB9500C1913E /* VenueTableViewController.swift in Sources */ = {isa = PBXBuildFile; fileRef = E41970A52886CB9500C1913E /* VenueTableViewController.swift */; };
		E41970A82886CBAB00C1913E /* VenueDetailViewController.swift in Sources */ = {isa = PBXBuildFile; fileRef = E41970A72886CBAB00C1913E /* VenueDetailViewController.swift */; };
		E41970AA2886CC4200C1913E /* Venue.swift in Sources */ = {isa = PBXBuildFile; fileRef = E41970A92886CC4200C1913E /* Venue.swift */; };
		E41970AC2886D1FD00C1913E /* Response.swift in Sources */ = {isa = PBXBuildFile; fileRef = E41970AB2886D1FD00C1913E /* Response.swift */; };
		E41970AE2886DEFD00C1913E /* Settings.swift in Sources */ = {isa = PBXBuildFile; fileRef = E41970AD2886DEFD00C1913E /* Settings.swift */; };
/* End PBXBuildFile section */

/* Begin PBXFileReference section */
		E419708E2886CA1C00C1913E /* BeginnerChallenge.app */ = {isa = PBXFileReference; explicitFileType = wrapper.application; includeInIndex = 0; path = BeginnerChallenge.app; sourceTree = BUILT_PRODUCTS_DIR; };
		E41970912886CA1C00C1913E /* AppDelegate.swift */ = {isa = PBXFileReference; lastKnownFileType = sourcecode.swift; path = AppDelegate.swift; sourceTree = "<group>"; };
		E41970932886CA1C00C1913E /* SceneDelegate.swift */ = {isa = PBXFileReference; lastKnownFileType = sourcecode.swift; path = SceneDelegate.swift; sourceTree = "<group>"; };
		E41970982886CA1C00C1913E /* Base */ = {isa = PBXFileReference; lastKnownFileType = file.storyboard; name = Base; path = Base.lproj/Main.storyboard; sourceTree = "<group>"; };
		E419709A2886CA1D00C1913E /* Assets.xcassets */ = {isa = PBXFileReference; lastKnownFileType = folder.assetcatalog; path = Assets.xcassets; sourceTree = "<group>"; };
		E419709D2886CA1D00C1913E /* Base */ = {isa = PBXFileReference; lastKnownFileType = file.storyboard; name = Base; path = Base.lproj/LaunchScreen.storyboard; sourceTree = "<group>"; };
		E419709F2886CA1D00C1913E /* Info.plist */ = {isa = PBXFileReference; lastKnownFileType = text.plist.xml; path = Info.plist; sourceTree = "<group>"; };
		E41970A52886CB9500C1913E /* VenueTableViewController.swift */ = {isa = PBXFileReference; lastKnownFileType = sourcecode.swift; path = VenueTableViewController.swift; sourceTree = "<group>"; };
		E41970A72886CBAB00C1913E /* VenueDetailViewController.swift */ = {isa = PBXFileReference; lastKnownFileType = sourcecode.swift; path = VenueDetailViewController.swift; sourceTree = "<group>"; };
		E41970A92886CC4200C1913E /* Venue.swift */ = {isa = PBXFileReference; lastKnownFileType = sourcecode.swift; path = Venue.swift; sourceTree = "<group>"; };
		E41970AB2886D1FD00C1913E /* Response.swift */ = {isa = PBXFileReference; lastKnownFileType = sourcecode.swift; path = Response.swift; sourceTree = "<group>"; };
		E41970AD2886DEFD00C1913E /* Settings.swift */ = {isa = PBXFileReference; lastKnownFileType = sourcecode.swift; path = Settings.swift; sourceTree = "<group>"; };
/* End PBXFileReference section */

/* Begin PBXFrameworksBuildPhase section */
		E419708B2886CA1C00C1913E /* Frameworks */ = {
			isa = PBXFrameworksBuildPhase;
			buildActionMask = 2147483647;
			files = (
			);
			runOnlyForDeploymentPostprocessing = 0;
		};
/* End PBXFrameworksBuildPhase section */

/* Begin PBXGroup section */
		E41970852886CA1C00C1913E = {
			isa = PBXGroup;
			children = (
				E41970902886CA1C00C1913E /* BeginnerChallenge */,
				E419708F2886CA1C00C1913E /* Products */,
			);
			sourceTree = "<group>";
		};
		E419708F2886CA1C00C1913E /* Products */ = {
			isa = PBXGroup;
			children = (
				E419708E2886CA1C00C1913E /* BeginnerChallenge.app */,
			);
			name = Products;
			sourceTree = "<group>";
		};
		E41970902886CA1C00C1913E /* BeginnerChallenge */ = {
			isa = PBXGroup;
			children = (
				E41970912886CA1C00C1913E /* AppDelegate.swift */,
				E41970932886CA1C00C1913E /* SceneDelegate.swift */,
				E41970B02886E50400C1913E /* Controller */,
				E41970AF2886E4EB00C1913E /* Model */,
				E41970972886CA1C00C1913E /* Main.storyboard */,
				E419709A2886CA1D00C1913E /* Assets.xcassets */,
				E419709C2886CA1D00C1913E /* LaunchScreen.storyboard */,
				E419709F2886CA1D00C1913E /* Info.plist */,
			);
			path = BeginnerChallenge;
			sourceTree = "<group>";
		};
		E41970AF2886E4EB00C1913E /* Model */ = {
			isa = PBXGroup;
			children = (
				E41970AB2886D1FD00C1913E /* Response.swift */,
				E41970A92886CC4200C1913E /* Venue.swift */,
				E41970AD2886DEFD00C1913E /* Settings.swift */,
			);
			path = Model;
			sourceTree = "<group>";
		};
		E41970B02886E50400C1913E /* Controller */ = {
			isa = PBXGroup;
			children = (
				E41970A52886CB9500C1913E /* VenueTableViewController.swift */,
				E41970A72886CBAB00C1913E /* VenueDetailViewController.swift */,
			);
			path = Controller;
			sourceTree = "<group>";
		};
/* End PBXGroup section */

/* Begin PBXNativeTarget section */
		E419708D2886CA1C00C1913E /* BeginnerChallenge */ = {
			isa = PBXNativeTarget;
			buildConfigurationList = E41970A22886CA1D00C1913E /* Build configuration list for PBXNativeTarget "BeginnerChallenge" */;
			buildPhases = (
				E419708A2886CA1C00C1913E /* Sources */,
				E419708B2886CA1C00C1913E /* Frameworks */,
				E419708C2886CA1C00C1913E /* Resources */,
			);
			buildRules = (
			);
			dependencies = (
			);
			name = BeginnerChallenge;
			productName = BeginnerChallenge;
			productReference = E419708E2886CA1C00C1913E /* BeginnerChallenge.app */;
			productType = "com.apple.product-type.application";
		};
/* End PBXNativeTarget section */

/* Begin PBXProject section */
		E41970862886CA1C00C1913E /* Project object */ = {
			isa = PBXProject;
			attributes = {
				BuildIndependentTargetsInParallel = 1;
				LastSwiftUpdateCheck = 1340;
				LastUpgradeCheck = 1340;
				TargetAttributes = {
					E419708D2886CA1C00C1913E = {
						CreatedOnToolsVersion = 13.4.1;
					};
				};
			};
			buildConfigurationList = E41970892886CA1C00C1913E /* Build configuration list for PBXProject "BeginnerChallenge" */;
			compatibilityVersion = "Xcode 13.0";
			developmentRegion = en;
			hasScannedForEncodings = 0;
			knownRegions = (
				en,
				Base,
			);
			mainGroup = E41970852886CA1C00C1913E;
			productRefGroup = E419708F2886CA1C00C1913E /* Products */;
			projectDirPath = "";
			projectRoot = "";
			targets = (
				E419708D2886CA1C00C1913E /* BeginnerChallenge */,
			);
		};
/* End PBXProject section */

/* Begin PBXResourcesBuildPhase section */
		E419708C2886CA1C00C1913E /* Resources */ = {
			isa = PBXResourcesBuildPhase;
			buildActionMask = 2147483647;
			files = (
				E419709E2886CA1D00C1913E /* LaunchScreen.storyboard in Resources */,
				E419709B2886CA1D00C1913E /* Assets.xcassets in Resources */,
				E41970992886CA1C00C1913E /* Main.storyboard in Resources */,
			);
			runOnlyForDeploymentPostprocessing = 0;
		};
/* End PBXResourcesBuildPhase section */

/* Begin PBXSourcesBuildPhase section */
		E419708A2886CA1C00C1913E /* Sources */ = {
			isa = PBXSourcesBuildPhase;
			buildActionMask = 2147483647;
			files = (
				E41970A62886CB9500C1913E /* VenueTableViewController.swift in Sources */,
				E41970AA2886CC4200C1913E /* Venue.swift in Sources */,
				E41970922886CA1C00C1913E /* AppDelegate.swift in Sources */,
				E41970942886CA1C00C1913E /* SceneDelegate.swift in Sources */,
				E41970AE2886DEFD00C1913E /* Settings.swift in Sources */,
				E41970AC2886D1FD00C1913E /* Response.swift in Sources */,
				E41970A82886CBAB00C1913E /* VenueDetailViewController.swift in Sources */,
			);
			runOnlyForDeploymentPostprocessing = 0;
		};
/* End PBXSourcesBuildPhase section */

/* Begin PBXVariantGroup section */
		E41970972886CA1C00C1913E /* Main.storyboard */ = {
			isa = PBXVariantGroup;
			children = (
				E41970982886CA1C00C1913E /* Base */,
			);
			name = Main.storyboard;
			sourceTree = "<group>";
		};
		E419709C2886CA1D00C1913E /* LaunchScreen.storyboard */ = {
			isa = PBXVariantGroup;
			children = (
				E419709D2886CA1D00C1913E /* Base */,
			);
			name = LaunchScreen.storyboard;
			sourceTree = "<group>";
		};
/* End PBXVariantGroup section */

/* Begin XCBuildConfiguration section */
		E41970A02886CA1D00C1913E /* Debug */ = {
			isa = XCBuildConfiguration;
			buildSettings = {
				ALWAYS_SEARCH_USER_PATHS = NO;
				CLANG_ANALYZER_LOCALIZABILITY_NONLOCALIZED = YES;
				CLANG_ANALYZER_NONNULL = YES;
				CLANG_ANALYZER_NUMBER_OBJECT_CONVERSION = YES_AGGRESSIVE;
				CLANG_CXX_LANGUAGE_STANDARD = "gnu++17";
				CLANG_ENABLE_MODULES = YES;
				CLANG_ENABLE_OBJC_ARC = YES;
				CLANG_ENABLE_OBJC_WEAK = YES;
				CLANG_WARN_BLOCK_CAPTURE_AUTORELEASING = YES;
				CLANG_WARN_BOOL_CONVERSION = YES;
				CLANG_WARN_COMMA = YES;
				CLANG_WARN_CONSTANT_CONVERSION = YES;
				CLANG_WARN_DEPRECATED_OBJC_IMPLEMENTATIONS = YES;
				CLANG_WARN_DIRECT_OBJC_ISA_USAGE = YES_ERROR;
				CLANG_WARN_DOCUMENTATION_COMMENTS = YES;
				CLANG_WARN_EMPTY_BODY = YES;
				CLANG_WARN_ENUM_CONVERSION = YES;
				CLANG_WARN_INFINITE_RECURSION = YES;
				CLANG_WARN_INT_CONVERSION = YES;
				CLANG_WARN_NON_LITERAL_NULL_CONVERSION = YES;
				CLANG_WARN_OBJC_IMPLICIT_RETAIN_SELF = YES;
				CLANG_WARN_OBJC_LITERAL_CONVERSION = YES;
				CLANG_WARN_OBJC_ROOT_CLASS = YES_ERROR;
				CLANG_WARN_QUOTED_INCLUDE_IN_FRAMEWORK_HEADER = YES;
				CLANG_WARN_RANGE_LOOP_ANALYSIS = YES;
				CLANG_WARN_STRICT_PROTOTYPES = YES;
				CLANG_WARN_SUSPICIOUS_MOVE = YES;
				CLANG_WARN_UNGUARDED_AVAILABILITY = YES_AGGRESSIVE;
				CLANG_WARN_UNREACHABLE_CODE = YES;
				CLANG_WARN__DUPLICATE_METHOD_MATCH = YES;
				COPY_PHASE_STRIP = NO;
				DEBUG_INFORMATION_FORMAT = dwarf;
				ENABLE_STRICT_OBJC_MSGSEND = YES;
				ENABLE_TESTABILITY = YES;
				GCC_C_LANGUAGE_STANDARD = gnu11;
				GCC_DYNAMIC_NO_PIC = NO;
				GCC_NO_COMMON_BLOCKS = YES;
				GCC_OPTIMIZATION_LEVEL = 0;
				GCC_PREPROCESSOR_DEFINITIONS = (
					"DEBUG=1",
					"$(inherited)",
				);
				GCC_WARN_64_TO_32_BIT_CONVERSION = YES;
				GCC_WARN_ABOUT_RETURN_TYPE = YES_ERROR;
				GCC_WARN_UNDECLARED_SELECTOR = YES;
				GCC_WARN_UNINITIALIZED_AUTOS = YES_AGGRESSIVE;
				GCC_WARN_UNUSED_FUNCTION = YES;
				GCC_WARN_UNUSED_VARIABLE = YES;
				IPHONEOS_DEPLOYMENT_TARGET = 12.0;
				MTL_ENABLE_DEBUG_INFO = INCLUDE_SOURCE;
				MTL_FAST_MATH = YES;
				ONLY_ACTIVE_ARCH = YES;
				SDKROOT = iphoneos;
				SWIFT_ACTIVE_COMPILATION_CONDITIONS = DEBUG;
				SWIFT_OPTIMIZATION_LEVEL = "-Onone";
			};
			name = Debug;
		};
		E41970A12886CA1D00C1913E /* Release */ = {
			isa = XCBuildConfiguration;
			buildSettings = {
				ALWAYS_SEARCH_USER_PATHS = NO;
				CLANG_ANALYZER_LOCALIZABILITY_NONLOCALIZED = YES;
				CLANG_ANALYZER_NONNULL = YES;
				CLANG_ANALYZER_NUMBER_OBJECT_CONVERSION = YES_AGGRESSIVE;
				CLANG_CXX_LANGUAGE_STANDARD = "gnu++17";
				CLANG_ENABLE_MODULES = YES;
				CLANG_ENABLE_OBJC_ARC = YES;
				CLANG_ENABLE_OBJC_WEAK = YES;
				CLANG_WARN_BLOCK_CAPTURE_AUTORELEASING = YES;
				CLANG_WARN_BOOL_CONVERSION = YES;
				CLANG_WARN_COMMA = YES;
				CLANG_WARN_CONSTANT_CONVERSION = YES;
				CLANG_WARN_DEPRECATED_OBJC_IMPLEMENTATIONS = YES;
				CLANG_WARN_DIRECT_OBJC_ISA_USAGE = YES_ERROR;
				CLANG_WARN_DOCUMENTATION_COMMENTS = YES;
				CLANG_WARN_EMPTY_BODY = YES;
				CLANG_WARN_ENUM_CONVERSION = YES;
				CLANG_WARN_INFINITE_RECURSION = YES;
				CLANG_WARN_INT_CONVERSION = YES;
				CLANG_WARN_NON_LITERAL_NULL_CONVERSION = YES;
				CLANG_WARN_OBJC_IMPLICIT_RETAIN_SELF = YES;
				CLANG_WARN_OBJC_LITERAL_CONVERSION = YES;
				CLANG_WARN_OBJC_ROOT_CLASS = YES_ERROR;
				CLANG_WARN_QUOTED_INCLUDE_IN_FRAMEWORK_HEADER = YES;
				CLANG_WARN_RANGE_LOOP_ANALYSIS = YES;
				CLANG_WARN_STRICT_PROTOTYPES = YES;
				CLANG_WARN_SUSPICIOUS_MOVE = YES;
				CLANG_WARN_UNGUARDED_AVAILABILITY = YES_AGGRESSIVE;
				CLANG_WARN_UNREACHABLE_CODE = YES;
				CLANG_WARN__DUPLICATE_METHOD_MATCH = YES;
				COPY_PHASE_STRIP = NO;
				DEBUG_INFORMATION_FORMAT = "dwarf-with-dsym";
				ENABLE_NS_ASSERTIONS = NO;
				ENABLE_STRICT_OBJC_MSGSEND = YES;
				GCC_C_LANGUAGE_STANDARD = gnu11;
				GCC_NO_COMMON_BLOCKS = YES;
				GCC_WARN_64_TO_32_BIT_CONVERSION = YES;
				GCC_WARN_ABOUT_RETURN_TYPE = YES_ERROR;
				GCC_WARN_UNDECLARED_SELECTOR = YES;
				GCC_WARN_UNINITIALIZED_AUTOS = YES_AGGRESSIVE;
				GCC_WARN_UNUSED_FUNCTION = YES;
				GCC_WARN_UNUSED_VARIABLE = YES;
				IPHONEOS_DEPLOYMENT_TARGET = 12.0;
				MTL_ENABLE_DEBUG_INFO = NO;
				MTL_FAST_MATH = YES;
				SDKROOT = iphoneos;
				SWIFT_COMPILATION_MODE = wholemodule;
				SWIFT_OPTIMIZATION_LEVEL = "-O";
				VALIDATE_PRODUCT = YES;
			};
			name = Release;
		};
		E41970A32886CA1D00C1913E /* Debug */ = {
			isa = XCBuildConfiguration;
			buildSettings = {
				ASSETCATALOG_COMPILER_APPICON_NAME = AppIcon;
				ASSETCATALOG_COMPILER_GLOBAL_ACCENT_COLOR_NAME = AccentColor;
				CODE_SIGN_STYLE = Automatic;
				CURRENT_PROJECT_VERSION = 1;
				DEVELOPMENT_TEAM = 4P9R73Y8RT;
				GENERATE_INFOPLIST_FILE = YES;
				INFOPLIST_FILE = BeginnerChallenge/Info.plist;
				INFOPLIST_KEY_UIApplicationSupportsIndirectInputEvents = YES;
				INFOPLIST_KEY_UILaunchStoryboardName = LaunchScreen;
				INFOPLIST_KEY_UIMainStoryboardFile = Main;
				INFOPLIST_KEY_UISupportedInterfaceOrientations_iPad = "UIInterfaceOrientationPortrait UIInterfaceOrientationPortraitUpsideDown UIInterfaceOrientationLandscapeLeft UIInterfaceOrientationLandscapeRight";
				INFOPLIST_KEY_UISupportedInterfaceOrientations_iPhone = "UIInterfaceOrientationPortrait UIInterfaceOrientationLandscapeLeft UIInterfaceOrientationLandscapeRight";
				LD_RUNPATH_SEARCH_PATHS = (
					"$(inherited)",
					"@executable_path/Frameworks",
				);
				MARKETING_VERSION = 1.0;
				PRODUCT_BUNDLE_IDENTIFIER = com.penguinin.BeginnerChallenge;
				PRODUCT_NAME = "$(TARGET_NAME)";
				SWIFT_EMIT_LOC_STRINGS = YES;
				SWIFT_VERSION = 5.0;
				TARGETED_DEVICE_FAMILY = "1,2";
			};
			name = Debug;
		};
		E41970A42886CA1D00C1913E /* Release */ = {
			isa = XCBuildConfiguration;
			buildSettings = {
				ASSETCATALOG_COMPILER_APPICON_NAME = AppIcon;
				ASSETCATALOG_COMPILER_GLOBAL_ACCENT_COLOR_NAME = AccentColor;
				CODE_SIGN_STYLE = Automatic;
				CURRENT_PROJECT_VERSION = 1;
				DEVELOPMENT_TEAM = 4P9R73Y8RT;
				GENERATE_INFOPLIST_FILE = YES;
				INFOPLIST_FILE = BeginnerChallenge/Info.plist;
				INFOPLIST_KEY_UIApplicationSupportsIndirectInputEvents = YES;
				INFOPLIST_KEY_UILaunchStoryboardName = LaunchScreen;
				INFOPLIST_KEY_UIMainStoryboardFile = Main;
				INFOPLIST_KEY_UISupportedInterfaceOrientations_iPad = "UIInterfaceOrientationPortrait UIInterfaceOrientationPortraitUpsideDown UIInterfaceOrientationLandscapeLeft UIInterfaceOrientationLandscapeRight";
				INFOPLIST_KEY_UISupportedInterfaceOrientations_iPhone = "UIInterfaceOrientationPortrait UIInterfaceOrientationLandscapeLeft UIInterfaceOrientationLandscapeRight";
				LD_RUNPATH_SEARCH_PATHS = (
					"$(inherited)",
					"@executable_path/Frameworks",
				);
				MARKETING_VERSION = 1.0;
				PRODUCT_BUNDLE_IDENTIFIER = com.penguinin.BeginnerChallenge;
				PRODUCT_NAME = "$(TARGET_NAME)";
				SWIFT_EMIT_LOC_STRINGS = YES;
				SWIFT_VERSION = 5.0;
				TARGETED_DEVICE_FAMILY = "1,2";
			};
			name = Release;
		};
/* End XCBuildConfiguration section */

/* Begin XCConfigurationList section */
		E41970892886CA1C00C1913E /* Build configuration list for PBXProject "BeginnerChallenge" */ = {
			isa = XCConfigurationList;
			buildConfigurations = (
				E41970A02886CA1D00C1913E /* Debug */,
				E41970A12886CA1D00C1913E /* Release */,
			);
			defaultConfigurationIsVisible = 0;
			defaultConfigurationName = Release;
		};
		E41970A22886CA1D00C1913E /* Build configuration list for PBXNativeTarget "BeginnerChallenge" */ = {
			isa = XCConfigurationList;
			buildConfigurations = (
				E41970A32886CA1D00C1913E /* Debug */,
				E41970A42886CA1D00C1913E /* Release */,
			);
			defaultConfigurationIsVisible = 0;
			defaultConfigurationName = Release;
		};
/* End XCConfigurationList section */
	};
	rootObject = E41970862886CA1C00C1913E /* Project object */;
}
